
Microsoft Visual Studio Solution File, Format Version 12.00
# Visual Studio Version 16
VisualStudioVersion = 16.0.29509.3
MinimumVisualStudioVersion = 10.0.40219.1
Project("{9A19103F-16F7-4668-BE54-9A1E7A4F7556}") = "Challenge", "Challenge.csproj", "{8F0423C4-71EB-4767-846E-7D8BE88C4CD3}"
EndProject
Project("{9A19103F-16F7-4668-BE54-9A1E7A4F7556}") = "SolutionLibrary", "..\..\99_libs\samuel\SolutionLibrary\SolutionLibrary.csproj", "{828097D3-F0C0-42A2-B95E-388FC68DA8B2}"
EndProject
Global
	GlobalSection(SolutionConfigurationPlatforms) = preSolution
		Debug|Any CPU = Debug|Any CPU
		Release|Any CPU = Release|Any CPU
	EndGlobalSection
	GlobalSection(ProjectConfigurationPlatforms) = postSolution
		{8F0423C4-71EB-4767-846E-7D8BE88C4CD3}.Debug|Any CPU.ActiveCfg = Debug|Any CPU
		{8F0423C4-71EB-4767-846E-7D8BE88C4CD3}.Debug|Any CPU.Build.0 = Debug|Any CPU
		{8F0423C4-71EB-4767-846E-7D8BE88C4CD3}.Release|Any CPU.ActiveCfg = Release|Any CPU
		{8F0423C4-71EB-4767-846E-7D8BE88C4CD3}.Release|Any CPU.Build.0 = Release|Any CPU
		{828097D3-F0C0-42A2-B95E-388FC68DA8B2}.Debug|Any CPU.ActiveCfg = Debug|Any CPU
		{828097D3-F0C0-42A2-B95E-388FC68DA8B2}.Debug|Any CPU.Build.0 = Debug|Any CPU
		{828097D3-F0C0-42A2-B95E-388FC68DA8B2}.Release|Any CPU.ActiveCfg = Release|Any CPU
		{828097D3-F0C0-42A2-B95E-388FC68DA8B2}.Release|Any CPU.Build.0 = Release|Any CPU
	EndGlobalSection
	GlobalSection(SolutionProperties) = preSolution
		HideSolutionNode = FALSE
	EndGlobalSection
	GlobalSection(ExtensibilityGlobals) = postSolution
		SolutionGuid = {AFDCD0FB-9072-42CE-A501-E3E7911DAD4A}
	EndGlobalSection
EndGlobal
